
Microsoft Visual Studio Solution File, Format Version 12.00
# Visual Studio Version 17
VisualStudioVersion = 17.1.32210.238
MinimumVisualStudioVersion = 10.0.40219.1
Project("{FAE04EC0-301F-11D3-BF4B-00C04F79EFBC}") = "TechTest", "TechnicalTest\TechTest.csproj", "{9154FD94-5EAB-471C-8D7D-BD11EE604D60}"
EndProject
Project("{9A19103F-16F7-4668-BE54-9A1E7A4F7556}") = "UnitTestForTechTest", "UnitTestForTechTest\UnitTestForTechTest.csproj", "{05EC34C4-C161-4597-BDC8-F750F9B35798}"
EndProject
Global
	GlobalSection(SolutionConfigurationPlatforms) = preSolution
		Debug|Any CPU = Debug|Any CPU
		Release|Any CPU = Release|Any CPU
	EndGlobalSection
	GlobalSection(ProjectConfigurationPlatforms) = postSolution
		{9154FD94-5EAB-471C-8D7D-BD11EE604D60}.Debug|Any CPU.ActiveCfg = Debug|Any CPU
		{9154FD94-5EAB-471C-8D7D-BD11EE604D60}.Debug|Any CPU.Build.0 = Debug|Any CPU
		{9154FD94-5EAB-471C-8D7D-BD11EE604D60}.Release|Any CPU.ActiveCfg = Release|Any CPU
		{9154FD94-5EAB-471C-8D7D-BD11EE604D60}.Release|Any CPU.Build.0 = Release|Any CPU
		{05EC34C4-C161-4597-BDC8-F750F9B35798}.Debug|Any CPU.ActiveCfg = Debug|Any CPU
		{05EC34C4-C161-4597-BDC8-F750F9B35798}.Debug|Any CPU.Build.0 = Debug|Any CPU
		{05EC34C4-C161-4597-BDC8-F750F9B35798}.Release|Any CPU.ActiveCfg = Release|Any CPU
		{05EC34C4-C161-4597-BDC8-F750F9B35798}.Release|Any CPU.Build.0 = Release|Any CPU
	EndGlobalSection
	GlobalSection(SolutionProperties) = preSolution
		HideSolutionNode = FALSE
	EndGlobalSection
	GlobalSection(ExtensibilityGlobals) = postSolution
		SolutionGuid = {2D9F097E-F3AF-44D8-8E5C-F6C9EDD7CC20}
	EndGlobalSection
EndGlobal
